
Microsoft Visual Studio Solution File, Format Version 12.00
# Visual Studio Version 16
VisualStudioVersion = 16.0.28803.452
MinimumVisualStudioVersion = 10.0.40219.1
Project("{FAE04EC0-301F-11D3-BF4B-00C04F79EFBC}") = "HSBC.AMG.Plugins", "..\Plugins\HSBC.AMG.Plugins.csproj", "{92E0387B-4413-4794-BE0B-F229DD18A05D}"
EndProject
Global
	GlobalSection(SolutionConfigurationPlatforms) = preSolution
		Debug|Any CPU = Debug|Any CPU
		Release|Any CPU = Release|Any CPU
	EndGlobalSection
	GlobalSection(ProjectConfigurationPlatforms) = postSolution
		{92E0387B-4413-4794-BE0B-F229DD18A05D}.Debug|Any CPU.ActiveCfg = Debug|Any CPU
		{92E0387B-4413-4794-BE0B-F229DD18A05D}.Debug|Any CPU.Build.0 = Debug|Any CPU
		{92E0387B-4413-4794-BE0B-F229DD18A05D}.Release|Any CPU.ActiveCfg = Release|Any CPU
		{92E0387B-4413-4794-BE0B-F229DD18A05D}.Release|Any CPU.Build.0 = Release|Any CPU
	EndGlobalSection
	GlobalSection(SolutionProperties) = preSolution
		HideSolutionNode = FALSE
	EndGlobalSection
	GlobalSection(ExtensibilityGlobals) = postSolution
		SolutionGuid = {58324318-A253-4E51-AB75-C86B4D46F775}
	EndGlobalSection
EndGlobal
